
Microsoft Visual Studio Solution File, Format Version 12.00
# Visual Studio Version 16
VisualStudioVersion = 16.0.33423.256
MinimumVisualStudioVersion = 10.0.40219.1
Project("{FAE04EC0-301F-11D3-BF4B-00C04F79EFBC}") = "Knapsack", "Knapsack\Knapsack.csproj", "{8D656815-B879-438E-ABF2-28321045E60F}"
EndProject
Global
	GlobalSection(SolutionConfigurationPlatforms) = preSolution
		Debug|Any CPU = Debug|Any CPU
		Release|Any CPU = Release|Any CPU
	EndGlobalSection
	GlobalSection(ProjectConfigurationPlatforms) = postSolution
		{8D656815-B879-438E-ABF2-28321045E60F}.Debug|Any CPU.ActiveCfg = Debug|Any CPU
		{8D656815-B879-438E-ABF2-28321045E60F}.Debug|Any CPU.Build.0 = Debug|Any CPU
		{8D656815-B879-438E-ABF2-28321045E60F}.Release|Any CPU.ActiveCfg = Release|Any CPU
		{8D656815-B879-438E-ABF2-28321045E60F}.Release|Any CPU.Build.0 = Release|Any CPU
	EndGlobalSection
	GlobalSection(SolutionProperties) = preSolution
		HideSolutionNode = FALSE
	EndGlobalSection
	GlobalSection(ExtensibilityGlobals) = postSolution
		SolutionGuid = {845849FE-BD14-423C-8775-669025496798}
	EndGlobalSection
EndGlobal
